
Microsoft Visual Studio Solution File, Format Version 12.00
# Visual Studio Version 17
VisualStudioVersion = 17.11.35222.181
MinimumVisualStudioVersion = 10.0.40219.1
Project("{FAE04EC0-301F-11D3-BF4B-00C04F79EFBC}") = "Validaciones_C_Sharp", "Validaciones_C_Sharp.csproj", "{222B1D02-3867-4827-B0B9-CAF779359B58}"
EndProject
Global
	GlobalSection(SolutionConfigurationPlatforms) = preSolution
		Debug|Any CPU = Debug|Any CPU
		Release|Any CPU = Release|Any CPU
	EndGlobalSection
	GlobalSection(ProjectConfigurationPlatforms) = postSolution
		{222B1D02-3867-4827-B0B9-CAF779359B58}.Debug|Any CPU.ActiveCfg = Debug|Any CPU
		{222B1D02-3867-4827-B0B9-CAF779359B58}.Debug|Any CPU.Build.0 = Debug|Any CPU
		{222B1D02-3867-4827-B0B9-CAF779359B58}.Release|Any CPU.ActiveCfg = Release|Any CPU
		{222B1D02-3867-4827-B0B9-CAF779359B58}.Release|Any CPU.Build.0 = Release|Any CPU
	EndGlobalSection
	GlobalSection(SolutionProperties) = preSolution
		HideSolutionNode = FALSE
	EndGlobalSection
	GlobalSection(ExtensibilityGlobals) = postSolution
		SolutionGuid = {033620CB-4E3A-4739-86D3-5492B2E5B7A9}
	EndGlobalSection
EndGlobal
